PODS:
  - Alamofire (4.7.3)
  - AlamofireObjectMapper (5.2.0):
    - Alamofire (~> 4.7)
    - ObjectMapper (~> 3.4)
  - ObjectMapper (3.4.2)

DEPENDENCIES:
  - Alamofire (~> 4.7.3)
  - AlamofireObjectMapper (~> 5.2)

SPEC REPOS:
  https://github.com/cocoapods/specs.git:
    - Alamofire
    - AlamofireObjectMapper
    - ObjectMapper

SPEC CHECKSUMS:
  Alamofire: c7287b6e5d7da964a70935e5db17046b7fde6568
  AlamofireObjectMapper: 92b6ce2423a9d159e686f6a1d514a009bf903ddc
  ObjectMapper: 0d4402610f4e468903ae64629eec4784531e5c51

PODFILE CHECKSUM: af800bc106a8924a76912fedda94b3e4df7c23fd

COCOAPODS: 1.5.3
